
Microsoft Visual Studio Solution File, Format Version 12.00
# Visual Studio Version 17
VisualStudioVersion = 17.2.32616.157
MinimumVisualStudioVersion = 10.0.40219.1
Project("{FAE04EC0-301F-11D3-BF4B-00C04F79EFBC}") = "ChessForms", "ChessForms\ChessForms.csproj", "{31EB8C62-0FD5-4418-8862-EEA3CD92A5A3}"
EndProject
Project("{FAE04EC0-301F-11D3-BF4B-00C04F79EFBC}") = "ChessModel", "ChessModel\ChessModel.csproj", "{6F2A0098-B3A1-4F19-AFA3-A6A6607ADB12}"
EndProject
Global
	GlobalSection(SolutionConfigurationPlatforms) = preSolution
		Debug|Any CPU = Debug|Any CPU
		Release|Any CPU = Release|Any CPU
	EndGlobalSection
	GlobalSection(ProjectConfigurationPlatforms) = postSolution
		{31EB8C62-0FD5-4418-8862-EEA3CD92A5A3}.Debug|Any CPU.ActiveCfg = Debug|Any CPU
		{31EB8C62-0FD5-4418-8862-EEA3CD92A5A3}.Debug|Any CPU.Build.0 = Debug|Any CPU
		{31EB8C62-0FD5-4418-8862-EEA3CD92A5A3}.Release|Any CPU.ActiveCfg = Release|Any CPU
		{31EB8C62-0FD5-4418-8862-EEA3CD92A5A3}.Release|Any CPU.Build.0 = Release|Any CPU
		{6F2A0098-B3A1-4F19-AFA3-A6A6607ADB12}.Debug|Any CPU.ActiveCfg = Debug|Any CPU
		{6F2A0098-B3A1-4F19-AFA3-A6A6607ADB12}.Debug|Any CPU.Build.0 = Debug|Any CPU
		{6F2A0098-B3A1-4F19-AFA3-A6A6607ADB12}.Release|Any CPU.ActiveCfg = Release|Any CPU
		{6F2A0098-B3A1-4F19-AFA3-A6A6607ADB12}.Release|Any CPU.Build.0 = Release|Any CPU
	EndGlobalSection
	GlobalSection(SolutionProperties) = preSolution
		HideSolutionNode = FALSE
	EndGlobalSection
	GlobalSection(ExtensibilityGlobals) = postSolution
		SolutionGuid = {2243A160-235B-4E23-BDCF-8794EB4CF6A8}
	EndGlobalSection
EndGlobal
